
Microsoft Visual Studio Solution File, Format Version 12.00
# Visual Studio 14
VisualStudioVersion = 14.0.25420.1
MinimumVisualStudioVersion = 10.0.40219.1
Project("{2150E333-8FDC-42A3-9474-1A3956D46DE8}") = "src", "src", "{3FF2E6E4-A314-4E17-899B-02E921895271}"
EndProject
Project("{2150E333-8FDC-42A3-9474-1A3956D46DE8}") = "Solution Items", "Solution Items", "{0A8BDB9A-0289-421D-85F9-493BEB234076}"
	ProjectSection(SolutionItems) = preProject
		global.json = global.json
	EndProjectSection
EndProject
Project("{8BB2217D-0F2D-49D1-97BC-3654ED321F3B}") = "WhizTeamServices.NetCoreConsole", "src\WhizTeamServices.NetCoreConsole\WhizTeamServices.NetCoreConsole.xproj", "{AFD44134-C979-429E-8382-282CBBB1CB54}"
EndProject
Global
	GlobalSection(SolutionConfigurationPlatforms) = preSolution
		Debug|Any CPU = Debug|Any CPU
		Release|Any CPU = Release|Any CPU
	EndGlobalSection
	GlobalSection(ProjectConfigurationPlatforms) = postSolution
		{AFD44134-C979-429E-8382-282CBBB1CB54}.Debug|Any CPU.ActiveCfg = Debug|Any CPU
		{AFD44134-C979-429E-8382-282CBBB1CB54}.Debug|Any CPU.Build.0 = Debug|Any CPU
		{AFD44134-C979-429E-8382-282CBBB1CB54}.Release|Any CPU.ActiveCfg = Release|Any CPU
		{AFD44134-C979-429E-8382-282CBBB1CB54}.Release|Any CPU.Build.0 = Release|Any CPU
	EndGlobalSection
	GlobalSection(SolutionProperties) = preSolution
		HideSolutionNode = FALSE
	EndGlobalSection
	GlobalSection(NestedProjects) = preSolution
		{AFD44134-C979-429E-8382-282CBBB1CB54} = {3FF2E6E4-A314-4E17-899B-02E921895271}
	EndGlobalSection
EndGlobal
